# This file is autogenerated, do not edit; changes may be undone by the next 'dep ensure'.


[[projects]]
  digest = "1:e3bb58bcd5cf318d91ccdb290fd8e0e78d16add716b1ccf861fed19c1551fde0"
  name = "github.com/Sirupsen/logrus"
  packages = ["."]
  pruneopts = "T"
  revision = "3e01752db0189b9157070a0e1668a620f9a85da2"
  version = "v1.0.6"

[[projects]]
  digest = "1:beaa359a6a21ff38d89e6d1ac648a61997de9a5a5a152b3f22b0c071818a2e2c"
  name = "github.com/TIBCOSoftware/flogo-contrib"
  packages = [
    "action/flow",
    "action/flow/definition",
    "action/flow/instance",
    "action/flow/linker",
    "action/flow/model",
    "action/flow/model/simple",
    "action/flow/service",
    "action/flow/support",
    "action/flow/tester",
    "action/flow/util",
    "activity/actreturn",
    "activity/log",
    "activity/rest",
    "model/simple",
    "model/simple/behaviors",
    "trigger/rest",
    "trigger/rest/cors",
  ]
  pruneopts = "T"
  revision = "94000a231bc4dfc848492bba25d9ef92171cd445"
  version = "v0.5.6"

[[projects]]
  digest = "1:c795750ff4c50bfea6bf43f819d03d50920e0b618bf55e58033f77ff84061418"
  name = "github.com/TIBCOSoftware/flogo-lib"
  packages = [
    "app",
    "app/resource",
    "config",
    "core/action",
    "core/activity",
    "core/data",
    "core/mapper",
    "core/mapper/exprmapper",
    "core/mapper/exprmapper/expression",
    "core/mapper/exprmapper/expression/direction",
    "core/mapper/exprmapper/expression/expr",
    "core/mapper/exprmapper/expression/function",
    "core/mapper/exprmapper/expression/gocc/errors",
    "core/mapper/exprmapper/expression/gocc/lexer",
    "core/mapper/exprmapper/expression/gocc/parser",
    "core/mapper/exprmapper/expression/gocc/token",
    "core/mapper/exprmapper/funcexprtype",
    "core/mapper/exprmapper/function/array/length",
    "core/mapper/exprmapper/function/number/random",
    "core/mapper/exprmapper/function/string/concat",
    "core/mapper/exprmapper/function/string/equals",
    "core/mapper/exprmapper/function/string/equalsignorecase",
    "core/mapper/exprmapper/function/string/length",
    "core/mapper/exprmapper/function/string/substring",
    "core/mapper/exprmapper/json",
    "core/mapper/exprmapper/json/field",
    "core/mapper/exprmapper/ref",
    "core/trigger",
    "engine",
    "engine/channels",
    "engine/runner",
    "logger",
    "util",
    "util/managed",
  ]
  pruneopts = "T"
  revision = "c80a5611b40f778c8b88a71f76609e843a2bfc1a"
  version = "v0.5.6"

[[projects]]
  branch = "master"
  digest = "1:f97285a3b0a496dcf8801072622230d513f69175665d94de60eb042d03387f6c"
  name = "github.com/julienschmidt/httprouter"
  packages = ["."]
  pruneopts = "T"
  revision = "348b672cd90d8190f8240323e372ecd1e66b59dc"

[[projects]]
  branch = "master"
  digest = "1:62fac8c414ce3fb59b87102ebebb04edd0287a721c0cd6b36f4dc866a42cf772"
  name = "golang.org/x/crypto"
  packages = ["ssh/terminal"]
  pruneopts = "T"
  revision = "0e37d006457bf46f9e6692014ba72ef82c33022c"

[[projects]]
  branch = "master"
  digest = "1:57d967d0c359c56065e766555f82df575d98c6b1979f7d257b83220ed1340d3b"
  name = "golang.org/x/sys"
  packages = [
    "unix",
    "windows",
  ]
  pruneopts = "T"
  revision = "d0be0721c37eeb5299f245a996a483160fc36940"

[solve-meta]
  analyzer-name = "dep"
  analyzer-version = 1
  input-imports = [
    "github.com/TIBCOSoftware/flogo-contrib/action/flow",
    "github.com/TIBCOSoftware/flogo-contrib/activity/actreturn",
    "github.com/TIBCOSoftware/flogo-contrib/activity/log",
    "github.com/TIBCOSoftware/flogo-contrib/activity/rest",
    "github.com/TIBCOSoftware/flogo-contrib/trigger/rest",
    "github.com/TIBCOSoftware/flogo-lib/app",
    "github.com/TIBCOSoftware/flogo-lib/engine",
    "github.com/TIBCOSoftware/flogo-lib/logger",
  ]
  solver-name = "gps-cdcl"
  solver-version = 1
